
Microsoft Visual Studio Solution File, Format Version 12.00
# Visual Studio Version 17
VisualStudioVersion = 17.9.34616.47
MinimumVisualStudioVersion = 10.0.40219.1
Project("{2150E333-8FDC-42A3-9474-1A3956D46DE8}") = "src", "src", "{F9EC9A81-FE65-4715-BD26-DA07378A4F80}"
EndProject
Project("{9A19103F-16F7-4668-BE54-9A1E7A4F7556}") = "UserInterface.Application", "UserInterface.Application\UserInterface.Application.csproj", "{74C5957F-33FA-4D95-8A69-67EBBDED9741}"
EndProject
Global
	GlobalSection(SolutionConfigurationPlatforms) = preSolution
		Debug|Any CPU = Debug|Any CPU
		Release|Any CPU = Release|Any CPU
	EndGlobalSection
	GlobalSection(ProjectConfigurationPlatforms) = postSolution
		{74C5957F-33FA-4D95-8A69-67EBBDED9741}.Debug|Any CPU.ActiveCfg = Debug|Any CPU
		{74C5957F-33FA-4D95-8A69-67EBBDED9741}.Debug|Any CPU.Build.0 = Debug|Any CPU
		{74C5957F-33FA-4D95-8A69-67EBBDED9741}.Release|Any CPU.ActiveCfg = Release|Any CPU
		{74C5957F-33FA-4D95-8A69-67EBBDED9741}.Release|Any CPU.Build.0 = Release|Any CPU
	EndGlobalSection
	GlobalSection(SolutionProperties) = preSolution
		HideSolutionNode = FALSE
	EndGlobalSection
	GlobalSection(NestedProjects) = preSolution
		{74C5957F-33FA-4D95-8A69-67EBBDED9741} = {F9EC9A81-FE65-4715-BD26-DA07378A4F80}
	EndGlobalSection
	GlobalSection(ExtensibilityGlobals) = postSolution
		SolutionGuid = {E5A3CE53-0EF4-4105-9F3E-51C2D5086CB0}
	EndGlobalSection
EndGlobal
